
Microsoft Visual Studio Solution File, Format Version 12.00
# Visual Studio Version 16
VisualStudioVersion = 16.0.32106.194
MinimumVisualStudioVersion = 10.0.40219.1
Project("{A07B5EB6-E848-4116-A8D0-A826331D98C6}") = "ECommerce", "ECommerce\ECommerce.sfproj", "{B21B79EA-6861-467C-863D-BADF300AA421}"
EndProject
Project("{9A19103F-16F7-4668-BE54-9A1E7A4F7556}") = "ECommerce.ProductCatalog.Model", "ECommerce.ProductCatalog.Model\ECommerce.ProductCatalog.Model.csproj", "{FAFEA483-85C9-4AB5-9A29-2A025B309C0A}"
EndProject
Project("{9A19103F-16F7-4668-BE54-9A1E7A4F7556}") = "ECommerce.ProductCatalog", "ECommerce.ProductCatalog\ECommerce.ProductCatalog.csproj", "{B4879A2F-9FED-4034-A7E2-532B1BFBB880}"
EndProject
Project("{9A19103F-16F7-4668-BE54-9A1E7A4F7556}") = "ECommerce.Api", "ECommerce.Api\ECommerce.Api.csproj", "{4F4F68E7-6A52-4D4E-A6B4-746B2CEFB648}"
EndProject
Project("{9A19103F-16F7-4668-BE54-9A1E7A4F7556}") = "UserActor", "UserActor\UserActor.csproj", "{839368B9-8E36-4760-8706-6C532C373674}"
EndProject
Project("{9A19103F-16F7-4668-BE54-9A1E7A4F7556}") = "UserActor.Interfaces", "UserActor.Interfaces\UserActor.Interfaces.csproj", "{A66EDAD8-82E3-44BB-B331-EDDAC2E13F3C}"
EndProject
Project("{FAE04EC0-301F-11D3-BF4B-00C04F79EFBC}") = "ECommerce.CheckoutService", "ECommerce.CheckoutService\ECommerce.CheckoutService.csproj", "{5491BD9F-4A81-4E15-AEF9-8111EB5E5D3F}"
EndProject
Project("{FAE04EC0-301F-11D3-BF4B-00C04F79EFBC}") = "ECommerce.CheckoutService.Model", "ECommerce.CheckoutService.Model\ECommerce.CheckoutService.Model.csproj", "{DC43C398-0CF1-4361-BD28-6741F099BECD}"
EndProject
Global
	GlobalSection(SolutionConfigurationPlatforms) = preSolution
		Debug|Any CPU = Debug|Any CPU
		Debug|x64 = Debug|x64
		Release|Any CPU = Release|Any CPU
		Release|x64 = Release|x64
	EndGlobalSection
	GlobalSection(ProjectConfigurationPlatforms) = postSolution
		{B21B79EA-6861-467C-863D-BADF300AA421}.Debug|Any CPU.ActiveCfg = Debug|x64
		{B21B79EA-6861-467C-863D-BADF300AA421}.Debug|x64.ActiveCfg = Debug|x64
		{B21B79EA-6861-467C-863D-BADF300AA421}.Debug|x64.Build.0 = Debug|x64
		{B21B79EA-6861-467C-863D-BADF300AA421}.Debug|x64.Deploy.0 = Debug|x64
		{B21B79EA-6861-467C-863D-BADF300AA421}.Release|Any CPU.ActiveCfg = Release|x64
		{B21B79EA-6861-467C-863D-BADF300AA421}.Release|x64.ActiveCfg = Release|x64
		{B21B79EA-6861-467C-863D-BADF300AA421}.Release|x64.Build.0 = Release|x64
		{B21B79EA-6861-467C-863D-BADF300AA421}.Release|x64.Deploy.0 = Release|x64
		{FAFEA483-85C9-4AB5-9A29-2A025B309C0A}.Debug|Any CPU.ActiveCfg = Debug|Any CPU
		{FAFEA483-85C9-4AB5-9A29-2A025B309C0A}.Debug|Any CPU.Build.0 = Debug|Any CPU
		{FAFEA483-85C9-4AB5-9A29-2A025B309C0A}.Debug|x64.ActiveCfg = Debug|Any CPU
		{FAFEA483-85C9-4AB5-9A29-2A025B309C0A}.Debug|x64.Build.0 = Debug|Any CPU
		{FAFEA483-85C9-4AB5-9A29-2A025B309C0A}.Release|Any CPU.ActiveCfg = Release|Any CPU
		{FAFEA483-85C9-4AB5-9A29-2A025B309C0A}.Release|Any CPU.Build.0 = Release|Any CPU
		{FAFEA483-85C9-4AB5-9A29-2A025B309C0A}.Release|x64.ActiveCfg = Release|Any CPU
		{FAFEA483-85C9-4AB5-9A29-2A025B309C0A}.Release|x64.Build.0 = Release|Any CPU
		{B4879A2F-9FED-4034-A7E2-532B1BFBB880}.Debug|Any CPU.ActiveCfg = Debug|Any CPU
		{B4879A2F-9FED-4034-A7E2-532B1BFBB880}.Debug|Any CPU.Build.0 = Debug|Any CPU
		{B4879A2F-9FED-4034-A7E2-532B1BFBB880}.Debug|x64.ActiveCfg = Debug|Any CPU
		{B4879A2F-9FED-4034-A7E2-532B1BFBB880}.Debug|x64.Build.0 = Debug|Any CPU
		{B4879A2F-9FED-4034-A7E2-532B1BFBB880}.Release|Any CPU.ActiveCfg = Release|Any CPU
		{B4879A2F-9FED-4034-A7E2-532B1BFBB880}.Release|Any CPU.Build.0 = Release|Any CPU
		{B4879A2F-9FED-4034-A7E2-532B1BFBB880}.Release|x64.ActiveCfg = Release|Any CPU
		{B4879A2F-9FED-4034-A7E2-532B1BFBB880}.Release|x64.Build.0 = Release|Any CPU
		{4F4F68E7-6A52-4D4E-A6B4-746B2CEFB648}.Debug|Any CPU.ActiveCfg = Debug|Any CPU
		{4F4F68E7-6A52-4D4E-A6B4-746B2CEFB648}.Debug|Any CPU.Build.0 = Debug|Any CPU
		{4F4F68E7-6A52-4D4E-A6B4-746B2CEFB648}.Debug|x64.ActiveCfg = Debug|Any CPU
		{4F4F68E7-6A52-4D4E-A6B4-746B2CEFB648}.Debug|x64.Build.0 = Debug|Any CPU
		{4F4F68E7-6A52-4D4E-A6B4-746B2CEFB648}.Release|Any CPU.ActiveCfg = Release|Any CPU
		{4F4F68E7-6A52-4D4E-A6B4-746B2CEFB648}.Release|Any CPU.Build.0 = Release|Any CPU
		{4F4F68E7-6A52-4D4E-A6B4-746B2CEFB648}.Release|x64.ActiveCfg = Release|Any CPU
		{4F4F68E7-6A52-4D4E-A6B4-746B2CEFB648}.Release|x64.Build.0 = Release|Any CPU
		{839368B9-8E36-4760-8706-6C532C373674}.Debug|Any CPU.ActiveCfg = Debug|Any CPU
		{839368B9-8E36-4760-8706-6C532C373674}.Debug|Any CPU.Build.0 = Debug|Any CPU
		{839368B9-8E36-4760-8706-6C532C373674}.Debug|x64.ActiveCfg = Debug|Any CPU
		{839368B9-8E36-4760-8706-6C532C373674}.Debug|x64.Build.0 = Debug|Any CPU
		{839368B9-8E36-4760-8706-6C532C373674}.Release|Any CPU.ActiveCfg = Release|Any CPU
		{839368B9-8E36-4760-8706-6C532C373674}.Release|Any CPU.Build.0 = Release|Any CPU
		{839368B9-8E36-4760-8706-6C532C373674}.Release|x64.ActiveCfg = Release|Any CPU
		{839368B9-8E36-4760-8706-6C532C373674}.Release|x64.Build.0 = Release|Any CPU
		{A66EDAD8-82E3-44BB-B331-EDDAC2E13F3C}.Debug|Any CPU.ActiveCfg = Debug|Any CPU
		{A66EDAD8-82E3-44BB-B331-EDDAC2E13F3C}.Debug|Any CPU.Build.0 = Debug|Any CPU
		{A66EDAD8-82E3-44BB-B331-EDDAC2E13F3C}.Debug|x64.ActiveCfg = Debug|Any CPU
		{A66EDAD8-82E3-44BB-B331-EDDAC2E13F3C}.Debug|x64.Build.0 = Debug|Any CPU
		{A66EDAD8-82E3-44BB-B331-EDDAC2E13F3C}.Release|Any CPU.ActiveCfg = Release|Any CPU
		{A66EDAD8-82E3-44BB-B331-EDDAC2E13F3C}.Release|Any CPU.Build.0 = Release|Any CPU
		{A66EDAD8-82E3-44BB-B331-EDDAC2E13F3C}.Release|x64.ActiveCfg = Release|Any CPU
		{A66EDAD8-82E3-44BB-B331-EDDAC2E13F3C}.Release|x64.Build.0 = Release|Any CPU
		{5491BD9F-4A81-4E15-AEF9-8111EB5E5D3F}.Debug|Any CPU.ActiveCfg = Debug|Any CPU
		{5491BD9F-4A81-4E15-AEF9-8111EB5E5D3F}.Debug|Any CPU.Build.0 = Debug|Any CPU
		{5491BD9F-4A81-4E15-AEF9-8111EB5E5D3F}.Debug|x64.ActiveCfg = Debug|Any CPU
		{5491BD9F-4A81-4E15-AEF9-8111EB5E5D3F}.Debug|x64.Build.0 = Debug|Any CPU
		{5491BD9F-4A81-4E15-AEF9-8111EB5E5D3F}.Release|Any CPU.ActiveCfg = Release|Any CPU
		{5491BD9F-4A81-4E15-AEF9-8111EB5E5D3F}.Release|Any CPU.Build.0 = Release|Any CPU
		{5491BD9F-4A81-4E15-AEF9-8111EB5E5D3F}.Release|x64.ActiveCfg = Release|Any CPU
		{5491BD9F-4A81-4E15-AEF9-8111EB5E5D3F}.Release|x64.Build.0 = Release|Any CPU
		{DC43C398-0CF1-4361-BD28-6741F099BECD}.Debug|Any CPU.ActiveCfg = Debug|Any CPU
		{DC43C398-0CF1-4361-BD28-6741F099BECD}.Debug|Any CPU.Build.0 = Debug|Any CPU
		{DC43C398-0CF1-4361-BD28-6741F099BECD}.Debug|x64.ActiveCfg = Debug|Any CPU
		{DC43C398-0CF1-4361-BD28-6741F099BECD}.Debug|x64.Build.0 = Debug|Any CPU
		{DC43C398-0CF1-4361-BD28-6741F099BECD}.Release|Any CPU.ActiveCfg = Release|Any CPU
		{DC43C398-0CF1-4361-BD28-6741F099BECD}.Release|Any CPU.Build.0 = Release|Any CPU
		{DC43C398-0CF1-4361-BD28-6741F099BECD}.Release|x64.ActiveCfg = Release|Any CPU
		{DC43C398-0CF1-4361-BD28-6741F099BECD}.Release|x64.Build.0 = Release|Any CPU
	EndGlobalSection
	GlobalSection(SolutionProperties) = preSolution
		HideSolutionNode = FALSE
	EndGlobalSection
	GlobalSection(ExtensibilityGlobals) = postSolution
		SolutionGuid = {C4926836-D35D-465F-8823-8366983BF639}
	EndGlobalSection
EndGlobal
